
Microsoft Visual Studio Solution File, Format Version 11.00
# Visual Studio 2010
Project("{FAE04EC0-301F-11D3-BF4B-00C04F79EFBC}") = "ProjectVesta", "Assembly-CSharp-firstpass.csproj", "{B626498A-FC56-AB54-BF37-023534957312}"
EndProject
Project("{FAE04EC0-301F-11D3-BF4B-00C04F79EFBC}") = "ProjectVesta", "Assembly-CSharp.csproj", "{A1EB50B5-C408-EAB1-F857-60DB6F4402DE}"
EndProject
Project("{FAE04EC0-301F-11D3-BF4B-00C04F79EFBC}") = "ProjectVesta", "Assembly-CSharp-Editor-firstpass.csproj", "{B3D9BBAD-A77F-7465-9858-DA884B022429}"
EndProject
Global
	GlobalSection(SolutionConfigurationPlatforms) = preSolution
		Debug|Any CPU = Debug|Any CPU
		Release|Any CPU = Release|Any CPU
	EndGlobalSection
	GlobalSection(ProjectConfigurationPlatforms) = postSolution
		{B626498A-FC56-AB54-BF37-023534957312}.Debug|Any CPU.ActiveCfg = Debug|Any CPU
		{B626498A-FC56-AB54-BF37-023534957312}.Debug|Any CPU.Build.0 = Debug|Any CPU
		{B626498A-FC56-AB54-BF37-023534957312}.Release|Any CPU.ActiveCfg = Release|Any CPU
		{B626498A-FC56-AB54-BF37-023534957312}.Release|Any CPU.Build.0 = Release|Any CPU
		{A1EB50B5-C408-EAB1-F857-60DB6F4402DE}.Debug|Any CPU.ActiveCfg = Debug|Any CPU
		{A1EB50B5-C408-EAB1-F857-60DB6F4402DE}.Debug|Any CPU.Build.0 = Debug|Any CPU
		{A1EB50B5-C408-EAB1-F857-60DB6F4402DE}.Release|Any CPU.ActiveCfg = Release|Any CPU
		{A1EB50B5-C408-EAB1-F857-60DB6F4402DE}.Release|Any CPU.Build.0 = Release|Any CPU
		{B3D9BBAD-A77F-7465-9858-DA884B022429}.Debug|Any CPU.ActiveCfg = Debug|Any CPU
		{B3D9BBAD-A77F-7465-9858-DA884B022429}.Debug|Any CPU.Build.0 = Debug|Any CPU
		{B3D9BBAD-A77F-7465-9858-DA884B022429}.Release|Any CPU.ActiveCfg = Release|Any CPU
		{B3D9BBAD-A77F-7465-9858-DA884B022429}.Release|Any CPU.Build.0 = Release|Any CPU
	EndGlobalSection
	GlobalSection(SolutionProperties) = preSolution
		HideSolutionNode = FALSE
	EndGlobalSection
	GlobalSection(MonoDevelopProperties) = preSolution
		StartupItem = Assembly-CSharp.csproj
	EndGlobalSection
EndGlobal
